// !$*UTF8*$!
{
	archiveVersion = 1;
	classes = {
	};
	objectVersion = 56;
	objects = {

/* Begin PBXBuildFile section */
		E60098992A506FD70081D999 /* VFLComplexView.swift in Sources */ = {isa = PBXBuildFile; fileRef = E60098982A506FD70081D999 /* VFLComplexView.swift */; };
		E600989B2A506FF40081D999 /* VFLFixView.swift in Sources */ = {isa = PBXBuildFile; fileRef = E600989A2A506FF40081D999 /* VFLFixView.swift */; };
		E600989D2A50700A0081D999 /* VFLVSplitView.swift in Sources */ = {isa = PBXBuildFile; fileRef = E600989C2A50700A0081D999 /* VFLVSplitView.swift */; };
		E600989F2A50701F0081D999 /* VFLHSplitView.swift in Sources */ = {isa = PBXBuildFile; fileRef = E600989E2A50701F0081D999 /* VFLHSplitView.swift */; };
		E60098A12A5070360081D999 /* VFLFullView.swift in Sources */ = {isa = PBXBuildFile; fileRef = E60098A02A5070360081D999 /* VFLFullView.swift */; };
		E60098A32A50708A0081D999 /* VFLColorView.swift in Sources */ = {isa = PBXBuildFile; fileRef = E60098A22A50708A0081D999 /* VFLColorView.swift */; };
		E60098A52A5077A10081D999 /* VFLCenterView.swift in Sources */ = {isa = PBXBuildFile; fileRef = E60098A42A5077A10081D999 /* VFLCenterView.swift */; };
		E60098A72A50799F0081D999 /* VFLExamples.swift in Sources */ = {isa = PBXBuildFile; fileRef = E60098A62A50799F0081D999 /* VFLExamples.swift */; };
		E693556A2960241F004F7FD8 /* AppDelegate.swift in Sources */ = {isa = PBXBuildFile; fileRef = E69355692960241F004F7FD8 /* AppDelegate.swift */; };
		E693556C2960241F004F7FD8 /* SceneDelegate.swift in Sources */ = {isa = PBXBuildFile; fileRef = E693556B2960241F004F7FD8 /* SceneDelegate.swift */; };
		E693556E2960241F004F7FD8 /* ViewController.swift in Sources */ = {isa = PBXBuildFile; fileRef = E693556D2960241F004F7FD8 /* ViewController.swift */; };
		E69355712960241F004F7FD8 /* Main.storyboard in Resources */ = {isa = PBXBuildFile; fileRef = E693556F2960241F004F7FD8 /* Main.storyboard */; };
		E693557329602420004F7FD8 /* Assets.xcassets in Resources */ = {isa = PBXBuildFile; fileRef = E693557229602420004F7FD8 /* Assets.xcassets */; };
		E693557629602420004F7FD8 /* LaunchScreen.storyboard in Resources */ = {isa = PBXBuildFile; fileRef = E693557429602420004F7FD8 /* LaunchScreen.storyboard */; };
		E693558229602A88004F7FD8 /* UIKit+Misc.swift in Sources */ = {isa = PBXBuildFile; fileRef = E693558129602A88004F7FD8 /* UIKit+Misc.swift */; };
		E693558829603946004F7FD8 /* VFLViewController.swift in Sources */ = {isa = PBXBuildFile; fileRef = E693558729603946004F7FD8 /* VFLViewController.swift */; };
		E693558A29603D79004F7FD8 /* VFLExampleView.swift in Sources */ = {isa = PBXBuildFile; fileRef = E693558929603D79004F7FD8 /* VFLExampleView.swift */; };
		E69355CC29676C38004F7FD8 /* VFL in Frameworks */ = {isa = PBXBuildFile; productRef = E69355CB29676C38004F7FD8 /* VFL */; };
/* End PBXBuildFile section */

/* Begin PBXFileReference section */
		E60098982A506FD70081D999 /* VFLComplexView.swift */ = {isa = PBXFileReference; lastKnownFileType = sourcecode.swift; path = VFLComplexView.swift; sourceTree = "<group>"; };
		E600989A2A506FF40081D999 /* VFLFixView.swift */ = {isa = PBXFileReference; lastKnownFileType = sourcecode.swift; path = VFLFixView.swift; sourceTree = "<group>"; };
		E600989C2A50700A0081D999 /* VFLVSplitView.swift */ = {isa = PBXFileReference; lastKnownFileType = sourcecode.swift; path = VFLVSplitView.swift; sourceTree = "<group>"; };
		E600989E2A50701F0081D999 /* VFLHSplitView.swift */ = {isa = PBXFileReference; lastKnownFileType = sourcecode.swift; path = VFLHSplitView.swift; sourceTree = "<group>"; };
		E60098A02A5070360081D999 /* VFLFullView.swift */ = {isa = PBXFileReference; lastKnownFileType = sourcecode.swift; path = VFLFullView.swift; sourceTree = "<group>"; };
		E60098A22A50708A0081D999 /* VFLColorView.swift */ = {isa = PBXFileReference; lastKnownFileType = sourcecode.swift; path = VFLColorView.swift; sourceTree = "<group>"; };
		E60098A42A5077A10081D999 /* VFLCenterView.swift */ = {isa = PBXFileReference; lastKnownFileType = sourcecode.swift; path = VFLCenterView.swift; sourceTree = "<group>"; };
		E60098A62A50799F0081D999 /* VFLExamples.swift */ = {isa = PBXFileReference; lastKnownFileType = sourcecode.swift; path = VFLExamples.swift; sourceTree = "<group>"; };
		E69355662960241F004F7FD8 /* VFLRunner.app */ = {isa = PBXFileReference; explicitFileType = wrapper.application; includeInIndex = 0; path = VFLRunner.app; sourceTree = BUILT_PRODUCTS_DIR; };
		E69355692960241F004F7FD8 /* AppDelegate.swift */ = {isa = PBXFileReference; lastKnownFileType = sourcecode.swift; path = AppDelegate.swift; sourceTree = "<group>"; };
		E693556B2960241F004F7FD8 /* SceneDelegate.swift */ = {isa = PBXFileReference; lastKnownFileType = sourcecode.swift; path = SceneDelegate.swift; sourceTree = "<group>"; };
		E693556D2960241F004F7FD8 /* ViewController.swift */ = {isa = PBXFileReference; lastKnownFileType = sourcecode.swift; path = ViewController.swift; sourceTree = "<group>"; };
		E69355702960241F004F7FD8 /* Base */ = {isa = PBXFileReference; lastKnownFileType = file.storyboard; name = Base; path = Base.lproj/Main.storyboard; sourceTree = "<group>"; };
		E693557229602420004F7FD8 /* Assets.xcassets */ = {isa = PBXFileReference; lastKnownFileType = folder.assetcatalog; path = Assets.xcassets; sourceTree = "<group>"; };
		E693557529602420004F7FD8 /* Base */ = {isa = PBXFileReference; lastKnownFileType = file.storyboard; name = Base; path = Base.lproj/LaunchScreen.storyboard; sourceTree = "<group>"; };
		E693557729602420004F7FD8 /* Info.plist */ = {isa = PBXFileReference; lastKnownFileType = text.plist.xml; path = Info.plist; sourceTree = "<group>"; };
		E693558129602A88004F7FD8 /* UIKit+Misc.swift */ = {isa = PBXFileReference; lastKnownFileType = sourcecode.swift; path = "UIKit+Misc.swift"; sourceTree = "<group>"; };
		E693558729603946004F7FD8 /* VFLViewController.swift */ = {isa = PBXFileReference; lastKnownFileType = sourcecode.swift; path = VFLViewController.swift; sourceTree = "<group>"; };
		E693558929603D79004F7FD8 /* VFLExampleView.swift */ = {isa = PBXFileReference; lastKnownFileType = sourcecode.swift; path = VFLExampleView.swift; sourceTree = "<group>"; };
		E69355CA29676C2B004F7FD8 /* VFL */ = {isa = PBXFileReference; lastKnownFileType = wrapper; name = VFL; path = ..; sourceTree = "<group>"; };
/* End PBXFileReference section */

/* Begin PBXFrameworksBuildPhase section */
		E69355632960241F004F7FD8 /* Frameworks */ = {
			isa = PBXFrameworksBuildPhase;
			buildActionMask = 2147483647;
			files = (
				E69355CC29676C38004F7FD8 /* VFL in Frameworks */,
			);
			runOnlyForDeploymentPostprocessing = 0;
		};
/* End PBXFrameworksBuildPhase section */

/* Begin PBXGroup section */
		E60098972A506FB50081D999 /* Examples */ = {
			isa = PBXGroup;
			children = (
				E60098982A506FD70081D999 /* VFLComplexView.swift */,
				E600989A2A506FF40081D999 /* VFLFixView.swift */,
				E60098A02A5070360081D999 /* VFLFullView.swift */,
				E600989E2A50701F0081D999 /* VFLHSplitView.swift */,
				E600989C2A50700A0081D999 /* VFLVSplitView.swift */,
				E60098A42A5077A10081D999 /* VFLCenterView.swift */,
			);
			path = Examples;
			sourceTree = "<group>";
		};
		E693555D2960241F004F7FD8 = {
			isa = PBXGroup;
			children = (
				E69355C22967697C004F7FD8 /* Packages */,
				E69355682960241F004F7FD8 /* VFLRunner */,
				E69355672960241F004F7FD8 /* Products */,
				E69355C529676A5B004F7FD8 /* Frameworks */,
			);
			sourceTree = "<group>";
		};
		E69355672960241F004F7FD8 /* Products */ = {
			isa = PBXGroup;
			children = (
				E69355662960241F004F7FD8 /* VFLRunner.app */,
			);
			name = Products;
			sourceTree = "<group>";
		};
		E69355682960241F004F7FD8 /* VFLRunner */ = {
			isa = PBXGroup;
			children = (
				E6C911FB2A505D2F00054F03 /* Sources */,
				E693557229602420004F7FD8 /* Assets.xcassets */,
				E693557729602420004F7FD8 /* Info.plist */,
				E693557429602420004F7FD8 /* LaunchScreen.storyboard */,
				E693556F2960241F004F7FD8 /* Main.storyboard */,
			);
			path = VFLRunner;
			sourceTree = "<group>";
		};
		E69355C22967697C004F7FD8 /* Packages */ = {
			isa = PBXGroup;
			children = (
				E69355CA29676C2B004F7FD8 /* VFL */,
			);
			name = Packages;
			sourceTree = "<group>";
		};
		E69355C529676A5B004F7FD8 /* Frameworks */ = {
			isa = PBXGroup;
			children = (
			);
			name = Frameworks;
			sourceTree = "<group>";
		};
		E6C911FB2A505D2F00054F03 /* Sources */ = {
			isa = PBXGroup;
			children = (
				E69355692960241F004F7FD8 /* AppDelegate.swift */,
				E60098972A506FB50081D999 /* Examples */,
				E693556B2960241F004F7FD8 /* SceneDelegate.swift */,
				E693558129602A88004F7FD8 /* UIKit+Misc.swift */,
				E60098A22A50708A0081D999 /* VFLColorView.swift */,
				E60098A62A50799F0081D999 /* VFLExamples.swift */,
				E693558929603D79004F7FD8 /* VFLExampleView.swift */,
				E693558729603946004F7FD8 /* VFLViewController.swift */,
				E693556D2960241F004F7FD8 /* ViewController.swift */,
			);
			path = Sources;
			sourceTree = "<group>";
		};
/* End PBXGroup section */

/* Begin PBXNativeTarget section */
		E69355652960241F004F7FD8 /* VFLRunner */ = {
			isa = PBXNativeTarget;
			buildConfigurationList = E693557A29602420004F7FD8 /* Build configuration list for PBXNativeTarget "VFLRunner" */;
			buildPhases = (
				E69355622960241F004F7FD8 /* Sources */,
				E69355632960241F004F7FD8 /* Frameworks */,
				E69355642960241F004F7FD8 /* Resources */,
			);
			buildRules = (
			);
			dependencies = (
			);
			name = VFLRunner;
			packageProductDependencies = (
				E69355CB29676C38004F7FD8 /* VFL */,
			);
			productName = VFLRunner;
			productReference = E69355662960241F004F7FD8 /* VFLRunner.app */;
			productType = "com.apple.product-type.application";
		};
/* End PBXNativeTarget section */

/* Begin PBXProject section */
		E693555E2960241F004F7FD8 /* Project object */ = {
			isa = PBXProject;
			attributes = {
				BuildIndependentTargetsInParallel = 1;
				LastSwiftUpdateCheck = 1410;
				LastUpgradeCheck = 1410;
				TargetAttributes = {
					E69355652960241F004F7FD8 = {
						CreatedOnToolsVersion = 14.1;
					};
				};
			};
			buildConfigurationList = E69355612960241F004F7FD8 /* Build configuration list for PBXProject "VFLRunner" */;
			compatibilityVersion = "Xcode 14.0";
			developmentRegion = en;
			hasScannedForEncodings = 0;
			knownRegions = (
				en,
				Base,
			);
			mainGroup = E693555D2960241F004F7FD8;
			productRefGroup = E69355672960241F004F7FD8 /* Products */;
			projectDirPath = "";
			projectRoot = "";
			targets = (
				E69355652960241F004F7FD8 /* VFLRunner */,
			);
		};
/* End PBXProject section */

/* Begin PBXResourcesBuildPhase section */
		E69355642960241F004F7FD8 /* Resources */ = {
			isa = PBXResourcesBuildPhase;
			buildActionMask = 2147483647;
			files = (
				E693557629602420004F7FD8 /* LaunchScreen.storyboard in Resources */,
				E693557329602420004F7FD8 /* Assets.xcassets in Resources */,
				E69355712960241F004F7FD8 /* Main.storyboard in Resources */,
			);
			runOnlyForDeploymentPostprocessing = 0;
		};
/* End PBXResourcesBuildPhase section */

/* Begin PBXSourcesBuildPhase section */
		E69355622960241F004F7FD8 /* Sources */ = {
			isa = PBXSourcesBuildPhase;
			buildActionMask = 2147483647;
			files = (
				E600989D2A50700A0081D999 /* VFLVSplitView.swift in Sources */,
				E693556E2960241F004F7FD8 /* ViewController.swift in Sources */,
				E693558229602A88004F7FD8 /* UIKit+Misc.swift in Sources */,
				E600989F2A50701F0081D999 /* VFLHSplitView.swift in Sources */,
				E693556A2960241F004F7FD8 /* AppDelegate.swift in Sources */,
				E60098992A506FD70081D999 /* VFLComplexView.swift in Sources */,
				E693556C2960241F004F7FD8 /* SceneDelegate.swift in Sources */,
				E600989B2A506FF40081D999 /* VFLFixView.swift in Sources */,
				E60098A52A5077A10081D999 /* VFLCenterView.swift in Sources */,
				E693558A29603D79004F7FD8 /* VFLExampleView.swift in Sources */,
				E60098A12A5070360081D999 /* VFLFullView.swift in Sources */,
				E60098A72A50799F0081D999 /* VFLExamples.swift in Sources */,
				E693558829603946004F7FD8 /* VFLViewController.swift in Sources */,
				E60098A32A50708A0081D999 /* VFLColorView.swift in Sources */,
			);
			runOnlyForDeploymentPostprocessing = 0;
		};
/* End PBXSourcesBuildPhase section */

/* Begin PBXVariantGroup section */
		E693556F2960241F004F7FD8 /* Main.storyboard */ = {
			isa = PBXVariantGroup;
			children = (
				E69355702960241F004F7FD8 /* Base */,
			);
			name = Main.storyboard;
			sourceTree = "<group>";
		};
		E693557429602420004F7FD8 /* LaunchScreen.storyboard */ = {
			isa = PBXVariantGroup;
			children = (
				E693557529602420004F7FD8 /* Base */,
			);
			name = LaunchScreen.storyboard;
			sourceTree = "<group>";
		};
/* End PBXVariantGroup section */

/* Begin XCBuildConfiguration section */
		E693557829602420004F7FD8 /* Debug */ = {
			isa = XCBuildConfiguration;
			buildSettings = {
				ALWAYS_SEARCH_USER_PATHS = NO;
				CLANG_ANALYZER_NONNULL = YES;
				CLANG_ANALYZER_NUMBER_OBJECT_CONVERSION = YES_AGGRESSIVE;
				CLANG_CXX_LANGUAGE_STANDARD = "gnu++20";
				CLANG_ENABLE_MODULES = YES;
				CLANG_ENABLE_OBJC_ARC = YES;
				CLANG_ENABLE_OBJC_WEAK = YES;
				CLANG_WARN_BLOCK_CAPTURE_AUTORELEASING = YES;
				CLANG_WARN_BOOL_CONVERSION = YES;
				CLANG_WARN_COMMA = YES;
				CLANG_WARN_CONSTANT_CONVERSION = YES;
				CLANG_WARN_DEPRECATED_OBJC_IMPLEMENTATIONS = YES;
				CLANG_WARN_DIRECT_OBJC_ISA_USAGE = YES_ERROR;
				CLANG_WARN_DOCUMENTATION_COMMENTS = YES;
				CLANG_WARN_EMPTY_BODY = YES;
				CLANG_WARN_ENUM_CONVERSION = YES;
				CLANG_WARN_INFINITE_RECURSION = YES;
				CLANG_WARN_INT_CONVERSION = YES;
				CLANG_WARN_NON_LITERAL_NULL_CONVERSION = YES;
				CLANG_WARN_OBJC_IMPLICIT_RETAIN_SELF = YES;
				CLANG_WARN_OBJC_LITERAL_CONVERSION = YES;
				CLANG_WARN_OBJC_ROOT_CLASS = YES_ERROR;
				CLANG_WARN_QUOTED_INCLUDE_IN_FRAMEWORK_HEADER = YES;
				CLANG_WARN_RANGE_LOOP_ANALYSIS = YES;
				CLANG_WARN_STRICT_PROTOTYPES = YES;
				CLANG_WARN_SUSPICIOUS_MOVE = YES;
				CLANG_WARN_UNGUARDED_AVAILABILITY = YES_AGGRESSIVE;
				CLANG_WARN_UNREACHABLE_CODE = YES;
				CLANG_WARN__DUPLICATE_METHOD_MATCH = YES;
				COPY_PHASE_STRIP = NO;
				DEBUG_INFORMATION_FORMAT = dwarf;
				ENABLE_STRICT_OBJC_MSGSEND = YES;
				ENABLE_TESTABILITY = YES;
				GCC_C_LANGUAGE_STANDARD = gnu11;
				GCC_DYNAMIC_NO_PIC = NO;
				GCC_NO_COMMON_BLOCKS = YES;
				GCC_OPTIMIZATION_LEVEL = 0;
				GCC_PREPROCESSOR_DEFINITIONS = (
					"DEBUG=1",
					"$(inherited)",
				);
				GCC_WARN_64_TO_32_BIT_CONVERSION = YES;
				GCC_WARN_ABOUT_RETURN_TYPE = YES_ERROR;
				GCC_WARN_UNDECLARED_SELECTOR = YES;
				GCC_WARN_UNINITIALIZED_AUTOS = YES_AGGRESSIVE;
				GCC_WARN_UNUSED_FUNCTION = YES;
				GCC_WARN_UNUSED_VARIABLE = YES;
				IPHONEOS_DEPLOYMENT_TARGET = 16.1;
				MTL_ENABLE_DEBUG_INFO = INCLUDE_SOURCE;
				MTL_FAST_MATH = YES;
				ONLY_ACTIVE_ARCH = YES;
				SDKROOT = iphoneos;
				SWIFT_ACTIVE_COMPILATION_CONDITIONS = DEBUG;
				SWIFT_OPTIMIZATION_LEVEL = "-Onone";
			};
			name = Debug;
		};
		E693557929602420004F7FD8 /* Release */ = {
			isa = XCBuildConfiguration;
			buildSettings = {
				ALWAYS_SEARCH_USER_PATHS = NO;
				CLANG_ANALYZER_NONNULL = YES;
				CLANG_ANALYZER_NUMBER_OBJECT_CONVERSION = YES_AGGRESSIVE;
				CLANG_CXX_LANGUAGE_STANDARD = "gnu++20";
				CLANG_ENABLE_MODULES = YES;
				CLANG_ENABLE_OBJC_ARC = YES;
				CLANG_ENABLE_OBJC_WEAK = YES;
				CLANG_WARN_BLOCK_CAPTURE_AUTORELEASING = YES;
				CLANG_WARN_BOOL_CONVERSION = YES;
				CLANG_WARN_COMMA = YES;
				CLANG_WARN_CONSTANT_CONVERSION = YES;
				CLANG_WARN_DEPRECATED_OBJC_IMPLEMENTATIONS = YES;
				CLANG_WARN_DIRECT_OBJC_ISA_USAGE = YES_ERROR;
				CLANG_WARN_DOCUMENTATION_COMMENTS = YES;
				CLANG_WARN_EMPTY_BODY = YES;
				CLANG_WARN_ENUM_CONVERSION = YES;
				CLANG_WARN_INFINITE_RECURSION = YES;
				CLANG_WARN_INT_CONVERSION = YES;
				CLANG_WARN_NON_LITERAL_NULL_CONVERSION = YES;
				CLANG_WARN_OBJC_IMPLICIT_RETAIN_SELF = YES;
				CLANG_WARN_OBJC_LITERAL_CONVERSION = YES;
				CLANG_WARN_OBJC_ROOT_CLASS = YES_ERROR;
				CLANG_WARN_QUOTED_INCLUDE_IN_FRAMEWORK_HEADER = YES;
				CLANG_WARN_RANGE_LOOP_ANALYSIS = YES;
				CLANG_WARN_STRICT_PROTOTYPES = YES;
				CLANG_WARN_SUSPICIOUS_MOVE = YES;
				CLANG_WARN_UNGUARDED_AVAILABILITY = YES_AGGRESSIVE;
				CLANG_WARN_UNREACHABLE_CODE = YES;
				CLANG_WARN__DUPLICATE_METHOD_MATCH = YES;
				COPY_PHASE_STRIP = NO;
				DEBUG_INFORMATION_FORMAT = "dwarf-with-dsym";
				ENABLE_NS_ASSERTIONS = NO;
				ENABLE_STRICT_OBJC_MSGSEND = YES;
				GCC_C_LANGUAGE_STANDARD = gnu11;
				GCC_NO_COMMON_BLOCKS = YES;
				GCC_WARN_64_TO_32_BIT_CONVERSION = YES;
				GCC_WARN_ABOUT_RETURN_TYPE = YES_ERROR;
				GCC_WARN_UNDECLARED_SELECTOR = YES;
				GCC_WARN_UNINITIALIZED_AUTOS = YES_AGGRESSIVE;
				GCC_WARN_UNUSED_FUNCTION = YES;
				GCC_WARN_UNUSED_VARIABLE = YES;
				IPHONEOS_DEPLOYMENT_TARGET = 16.1;
				MTL_ENABLE_DEBUG_INFO = NO;
				MTL_FAST_MATH = YES;
				SDKROOT = iphoneos;
				SWIFT_COMPILATION_MODE = wholemodule;
				SWIFT_OPTIMIZATION_LEVEL = "-O";
				VALIDATE_PRODUCT = YES;
			};
			name = Release;
		};
		E693557B29602420004F7FD8 /* Debug */ = {
			isa = XCBuildConfiguration;
			buildSettings = {
				ASSETCATALOG_COMPILER_APPICON_NAME = AppIcon;
				ASSETCATALOG_COMPILER_GLOBAL_ACCENT_COLOR_NAME = AccentColor;
				CODE_SIGN_STYLE = Automatic;
				CURRENT_PROJECT_VERSION = 1;
				DEVELOPMENT_TEAM = PTU5U456Q7;
				GENERATE_INFOPLIST_FILE = YES;
				INFOPLIST_FILE = VFLRunner/Info.plist;
				INFOPLIST_KEY_UIApplicationSupportsIndirectInputEvents = YES;
				INFOPLIST_KEY_UILaunchStoryboardName = LaunchScreen.storyboard;
				INFOPLIST_KEY_UIMainStoryboardFile = Main;
				INFOPLIST_KEY_UISupportedInterfaceOrientations_iPad = "UIInterfaceOrientationPortrait UIInterfaceOrientationPortraitUpsideDown UIInterfaceOrientationLandscapeLeft UIInterfaceOrientationLandscapeRight";
				INFOPLIST_KEY_UISupportedInterfaceOrientations_iPhone = "UIInterfaceOrientationPortrait UIInterfaceOrientationLandscapeLeft UIInterfaceOrientationLandscapeRight";
				IPHONEOS_DEPLOYMENT_TARGET = 14.0;
				LD_RUNPATH_SEARCH_PATHS = (
					"$(inherited)",
					"@executable_path/Frameworks",
				);
				MARKETING_VERSION = 1.0;
				PRODUCT_BUNDLE_IDENTIFIER = com.whackylabs.VFLRunner;
				PRODUCT_NAME = "$(TARGET_NAME)";
				SWIFT_EMIT_LOC_STRINGS = YES;
				SWIFT_VERSION = 5.0;
				TARGETED_DEVICE_FAMILY = "1,2";
			};
			name = Debug;
		};
		E693557C29602420004F7FD8 /* Release */ = {
			isa = XCBuildConfiguration;
			buildSettings = {
				ASSETCATALOG_COMPILER_APPICON_NAME = AppIcon;
				ASSETCATALOG_COMPILER_GLOBAL_ACCENT_COLOR_NAME = AccentColor;
				CODE_SIGN_STYLE = Automatic;
				CURRENT_PROJECT_VERSION = 1;
				DEVELOPMENT_TEAM = PTU5U456Q7;
				GENERATE_INFOPLIST_FILE = YES;
				INFOPLIST_FILE = VFLRunner/Info.plist;
				INFOPLIST_KEY_UIApplicationSupportsIndirectInputEvents = YES;
				INFOPLIST_KEY_UILaunchStoryboardName = LaunchScreen.storyboard;
				INFOPLIST_KEY_UIMainStoryboardFile = Main;
				INFOPLIST_KEY_UISupportedInterfaceOrientations_iPad = "UIInterfaceOrientationPortrait UIInterfaceOrientationPortraitUpsideDown UIInterfaceOrientationLandscapeLeft UIInterfaceOrientationLandscapeRight";
				INFOPLIST_KEY_UISupportedInterfaceOrientations_iPhone = "UIInterfaceOrientationPortrait UIInterfaceOrientationLandscapeLeft UIInterfaceOrientationLandscapeRight";
				IPHONEOS_DEPLOYMENT_TARGET = 14.0;
				LD_RUNPATH_SEARCH_PATHS = (
					"$(inherited)",
					"@executable_path/Frameworks",
				);
				MARKETING_VERSION = 1.0;
				PRODUCT_BUNDLE_IDENTIFIER = com.whackylabs.VFLRunner;
				PRODUCT_NAME = "$(TARGET_NAME)";
				SWIFT_EMIT_LOC_STRINGS = YES;
				SWIFT_VERSION = 5.0;
				TARGETED_DEVICE_FAMILY = "1,2";
			};
			name = Release;
		};
/* End XCBuildConfiguration section */

/* Begin XCConfigurationList section */
		E69355612960241F004F7FD8 /* Build configuration list for PBXProject "VFLRunner" */ = {
			isa = XCConfigurationList;
			buildConfigurations = (
				E693557829602420004F7FD8 /* Debug */,
				E693557929602420004F7FD8 /* Release */,
			);
			defaultConfigurationIsVisible = 0;
			defaultConfigurationName = Release;
		};
		E693557A29602420004F7FD8 /* Build configuration list for PBXNativeTarget "VFLRunner" */ = {
			isa = XCConfigurationList;
			buildConfigurations = (
				E693557B29602420004F7FD8 /* Debug */,
				E693557C29602420004F7FD8 /* Release */,
			);
			defaultConfigurationIsVisible = 0;
			defaultConfigurationName = Release;
		};
/* End XCConfigurationList section */

/* Begin XCSwiftPackageProductDependency section */
		E69355CB29676C38004F7FD8 /* VFL */ = {
			isa = XCSwiftPackageProductDependency;
			productName = VFL;
		};
/* End XCSwiftPackageProductDependency section */
	};
	rootObject = E693555E2960241F004F7FD8 /* Project object */;
}
